
Microsoft Visual Studio Solution File, Format Version 12.00
# Visual Studio 15
VisualStudioVersion = 15.0.28307.1000
MinimumVisualStudioVersion = 10.0.40219.1
Project("{FAE04EC0-301F-11D3-BF4B-00C04F79EFBC}") = "Kutuphane_Otomasyonu2020", "Kutuphane_Otomasyonu2020\Kutuphane_Otomasyonu2020.csproj", "{2F53C18A-F8A7-4166-BCEE-0761A2802D06}"
EndProject
Global
	GlobalSection(SolutionConfigurationPlatforms) = preSolution
		Debug|Any CPU = Debug|Any CPU
		Release|Any CPU = Release|Any CPU
	EndGlobalSection
	GlobalSection(ProjectConfigurationPlatforms) = postSolution
		{2F53C18A-F8A7-4166-BCEE-0761A2802D06}.Debug|Any CPU.ActiveCfg = Debug|Any CPU
		{2F53C18A-F8A7-4166-BCEE-0761A2802D06}.Debug|Any CPU.Build.0 = Debug|Any CPU
		{2F53C18A-F8A7-4166-BCEE-0761A2802D06}.Release|Any CPU.ActiveCfg = Release|Any CPU
		{2F53C18A-F8A7-4166-BCEE-0761A2802D06}.Release|Any CPU.Build.0 = Release|Any CPU
	EndGlobalSection
	GlobalSection(SolutionProperties) = preSolution
		HideSolutionNode = FALSE
	EndGlobalSection
	GlobalSection(ExtensibilityGlobals) = postSolution
		SolutionGuid = {E549C7FC-80D0-4401-902B-FB4410CF9595}
	EndGlobalSection
EndGlobal
